
Microsoft Visual Studio Solution File, Format Version 12.00
# Visual Studio Version 16
VisualStudioVersion = 16.0.31105.61
MinimumVisualStudioVersion = 10.0.40219.1
Project("{FAE04EC0-301F-11D3-BF4B-00C04F79EFBC}") = "UMTSoftware", "UMTSoftware\UMTSoftware.csproj", "{03923B97-3612-4BF0-BFDC-DEEC4C597E81}"
EndProject
Global
	GlobalSection(SolutionConfigurationPlatforms) = preSolution
		Debug|Any CPU = Debug|Any CPU
		Release|Any CPU = Release|Any CPU
	EndGlobalSection
	GlobalSection(ProjectConfigurationPlatforms) = postSolution
		{03923B97-3612-4BF0-BFDC-DEEC4C597E81}.Debug|Any CPU.ActiveCfg = Debug|Any CPU
		{03923B97-3612-4BF0-BFDC-DEEC4C597E81}.Debug|Any CPU.Build.0 = Debug|Any CPU
		{03923B97-3612-4BF0-BFDC-DEEC4C597E81}.Release|Any CPU.ActiveCfg = Release|Any CPU
		{03923B97-3612-4BF0-BFDC-DEEC4C597E81}.Release|Any CPU.Build.0 = Release|Any CPU
	EndGlobalSection
	GlobalSection(SolutionProperties) = preSolution
		HideSolutionNode = FALSE
	EndGlobalSection
	GlobalSection(ExtensibilityGlobals) = postSolution
		SolutionGuid = {7BE29668-6BAF-4FBD-9A15-530DE5520B39}
	EndGlobalSection
EndGlobal
